
Microsoft Visual Studio Solution File, Format Version 12.00
# Visual Studio Version 17
VisualStudioVersion = 17.8.34322.80
MinimumVisualStudioVersion = 10.0.40219.1
Project("{FAE04EC0-301F-11D3-BF4B-00C04F79EFBC}") = "AntFarm", "AntFarm\AntFarm.csproj", "{CF24605F-AD71-4572-8D12-F71E9986A352}"
EndProject
Global
	GlobalSection(SolutionConfigurationPlatforms) = preSolution
		Debug|Any CPU = Debug|Any CPU
		Release|Any CPU = Release|Any CPU
	EndGlobalSection
	GlobalSection(ProjectConfigurationPlatforms) = postSolution
		{CF24605F-AD71-4572-8D12-F71E9986A352}.Debug|Any CPU.ActiveCfg = Debug|Any CPU
		{CF24605F-AD71-4572-8D12-F71E9986A352}.Debug|Any CPU.Build.0 = Debug|Any CPU
		{CF24605F-AD71-4572-8D12-F71E9986A352}.Release|Any CPU.ActiveCfg = Release|Any CPU
		{CF24605F-AD71-4572-8D12-F71E9986A352}.Release|Any CPU.Build.0 = Release|Any CPU
	EndGlobalSection
	GlobalSection(SolutionProperties) = preSolution
		HideSolutionNode = FALSE
	EndGlobalSection
	GlobalSection(ExtensibilityGlobals) = postSolution
		SolutionGuid = {57128766-1F3F-4449-8CC5-1F66A01150B5}
	EndGlobalSection
EndGlobal
